
Microsoft Visual Studio Solution File, Format Version 12.00
# Visual Studio 15
VisualStudioVersion = 15.0.26124.0
MinimumVisualStudioVersion = 15.0.26124.0
Project("{FAE04EC0-301F-11D3-BF4B-00C04F79EFBC}") = "Git", "Git\Git.csproj", "{2F8852D3-702D-4A67-8D4D-4548843FA0A4}"
EndProject
Project("{FAE04EC0-301F-11D3-BF4B-00C04F79EFBC}") = "Git.Tests", "Git.Tests\Git.Tests.csproj", "{41A7B04B-84C7-4AA0-9220-29756AE746BA}"
EndProject
Global
	GlobalSection(SolutionConfigurationPlatforms) = preSolution
		Debug|Any CPU = Debug|Any CPU
		Debug|x64 = Debug|x64
		Debug|x86 = Debug|x86
		Release|Any CPU = Release|Any CPU
		Release|x64 = Release|x64
		Release|x86 = Release|x86
	EndGlobalSection
	GlobalSection(SolutionProperties) = preSolution
		HideSolutionNode = FALSE
	EndGlobalSection
	GlobalSection(ProjectConfigurationPlatforms) = postSolution
		{2F8852D3-702D-4A67-8D4D-4548843FA0A4}.Debug|Any CPU.ActiveCfg = Debug|Any CPU
		{2F8852D3-702D-4A67-8D4D-4548843FA0A4}.Debug|Any CPU.Build.0 = Debug|Any CPU
		{2F8852D3-702D-4A67-8D4D-4548843FA0A4}.Debug|x64.ActiveCfg = Debug|Any CPU
		{2F8852D3-702D-4A67-8D4D-4548843FA0A4}.Debug|x64.Build.0 = Debug|Any CPU
		{2F8852D3-702D-4A67-8D4D-4548843FA0A4}.Debug|x86.ActiveCfg = Debug|Any CPU
		{2F8852D3-702D-4A67-8D4D-4548843FA0A4}.Debug|x86.Build.0 = Debug|Any CPU
		{2F8852D3-702D-4A67-8D4D-4548843FA0A4}.Release|Any CPU.ActiveCfg = Release|Any CPU
		{2F8852D3-702D-4A67-8D4D-4548843FA0A4}.Release|Any CPU.Build.0 = Release|Any CPU
		{2F8852D3-702D-4A67-8D4D-4548843FA0A4}.Release|x64.ActiveCfg = Release|Any CPU
		{2F8852D3-702D-4A67-8D4D-4548843FA0A4}.Release|x64.Build.0 = Release|Any CPU
		{2F8852D3-702D-4A67-8D4D-4548843FA0A4}.Release|x86.ActiveCfg = Release|Any CPU
		{2F8852D3-702D-4A67-8D4D-4548843FA0A4}.Release|x86.Build.0 = Release|Any CPU
		{41A7B04B-84C7-4AA0-9220-29756AE746BA}.Debug|Any CPU.ActiveCfg = Debug|Any CPU
		{41A7B04B-84C7-4AA0-9220-29756AE746BA}.Debug|Any CPU.Build.0 = Debug|Any CPU
		{41A7B04B-84C7-4AA0-9220-29756AE746BA}.Debug|x64.ActiveCfg = Debug|Any CPU
		{41A7B04B-84C7-4AA0-9220-29756AE746BA}.Debug|x64.Build.0 = Debug|Any CPU
		{41A7B04B-84C7-4AA0-9220-29756AE746BA}.Debug|x86.ActiveCfg = Debug|Any CPU
		{41A7B04B-84C7-4AA0-9220-29756AE746BA}.Debug|x86.Build.0 = Debug|Any CPU
		{41A7B04B-84C7-4AA0-9220-29756AE746BA}.Release|Any CPU.ActiveCfg = Release|Any CPU
		{41A7B04B-84C7-4AA0-9220-29756AE746BA}.Release|Any CPU.Build.0 = Release|Any CPU
		{41A7B04B-84C7-4AA0-9220-29756AE746BA}.Release|x64.ActiveCfg = Release|Any CPU
		{41A7B04B-84C7-4AA0-9220-29756AE746BA}.Release|x64.Build.0 = Release|Any CPU
		{41A7B04B-84C7-4AA0-9220-29756AE746BA}.Release|x86.ActiveCfg = Release|Any CPU
		{41A7B04B-84C7-4AA0-9220-29756AE746BA}.Release|x86.Build.0 = Release|Any CPU
	EndGlobalSection
EndGlobal
